<?xml version="1.0" encoding="utf-8"?>
<Project ToolsVersion="4.0" xmlns="http://schemas.microsoft.com/developer/msbuild/2003">
  <ItemGroup>
    <Filter Include="Source Files">
      <UniqueIdentifier>{4FC737F1-C7A5-4376-A066-2A32D752A2FF}</UniqueIdentifier>
      <Extensions>cpp;c;cc;cxx;def;odl;idl;hpj;bat;asm;asmx</Extensions>
    </Filter>
    <Filter Include="Header Files">
      <UniqueIdentifier>{93995380-89BD-4b04-88EB-625FBE52EBFB}</UniqueIdentifier>
      <Extensions>h;hpp;hxx;hm;inl;inc;xsd</Extensions>
    </Filter>
    <Filter Include="Resource Files">
      <UniqueIdentifier>{67DA6AB6-F800-4c08-8B7A-83BB121AAD01}</UniqueIdentifier>
      <Extensions>rc;ico;cur;bmp;dlg;rc2;rct;bin;rgs;gif;jpg;jpeg;jpe;resx;tiff;tif;png;wav;mfcribbon-ms</Extensions>
    </Filter>
  </ItemGroup>
  <ItemGroup>
    <ClInclude Include="Sourcefiles\Robot.h">
      <Filter>Header Files</Filter>
    </ClInclude>
    <ClInclude Include="Sourcefiles\stdafx.h">
      <Filter>Header Files</Filter>
    </ClInclude>
    <ClInclude Include="Sourcefiles\Subjects.h">
      <Filter>Header Files</Filter>
    </ClInclude>
    <ClInclude Include="Sourcefiles\Target.h">
      <Filter>Header Files</Filter>
    </ClInclude>
    <ClInclude Include="Sourcefiles\Trials.h">
      <Filter>Header Files</Filter>
    </ClInclude>
    <ClInclude Include="Sourcefiles\WriteToExternalFile.h">
      <Filter>Header Files</Filter>
    </ClInclude>
    <ClInclude Include="Sourcefiles\AccurateTimer.h">
      <Filter>Header Files</Filter>
    </ClInclude>
    <ClInclude Include="Sourcefiles\Colors.h">
      <Filter>Header Files</Filter>
    </ClInclude>
    <ClInclude Include="Sourcefiles\Cursor.h">
      <Filter>Header Files</Filter>
    </ClInclude>
    <ClInclude Include="Sourcefiles\DataArray.h">
      <Filter>Header Files</Filter>
    </ClInclude>
    <ClInclude Include="Sourcefiles\DecideFeedback.h">
      <Filter>Header Files</Filter>
    </ClInclude>
    <ClInclude Include="Sourcefiles\definition.h">
      <Filter>Header Files</Filter>
    </ClInclude>
    <ClInclude Include="Sourcefiles\Dmccom.h">
      <Filter>Header Files</Filter>
    </ClInclude>
    <ClInclude Include="Sourcefiles\dmcdrc.h">
      <Filter>Header Files</Filter>
    </ClInclude>
    <ClInclude Include="Sourcefiles\dmcdrco.h">
      <Filter>Header Files</Filter>
    </ClInclude>
    <ClInclude Include="Sourcefiles\DMCMLIB.H">
      <Filter>Header Files</Filter>
    </ClInclude>
    <ClInclude Include="Sourcefiles\Drawings.h">
      <Filter>Header Files</Filter>
    </ClInclude>
    <ClInclude Include="Sourcefiles\ErrorHandler.h">
      <Filter>Header Files</Filter>
    </ClInclude>
    <ClInclude Include="Sourcefiles\ForceProgram.h">
      <Filter>Header Files</Filter>
    </ClInclude>
    <ClInclude Include="Sourcefiles\GalilController.h">
      <Filter>Header Files</Filter>
    </ClInclude>
    <ClInclude Include="Sourcefiles\GlobalStuff.h">
      <Filter>Header Files</Filter>
    </ClInclude>
    <ClInclude Include="Sourcefiles\GUI1.h">
      <Filter>Header Files</Filter>
    </ClInclude>
    <ClInclude Include="Sourcefiles\KalmanFilter.h">
      <Filter>Header Files</Filter>
    </ClInclude>
    <ClInclude Include="Sourcefiles\Matrix.h">
      <Filter>Header Files</Filter>
    </ClInclude>
    <ClInclude Include="Sourcefiles\Parameters.h">
      <Filter>Header Files</Filter>
    </ClInclude>
    <ClInclude Include="Sourcefiles\resource.h">
      <Filter>Header Files</Filter>
    </ClInclude>
    <ClInclude Include="Sourcefiles\Text.h">
      <Filter>Header Files</Filter>
    </ClInclude>
    <ClInclude Include="Sourcefiles\Keyboard.h">
      <Filter>Header Files</Filter>
    </ClInclude>
    <ClInclude Include="Sourcefiles\IntentionDisplay.h">
      <Filter>Header Files</Filter>
    </ClInclude>
    <ClInclude Include="C:\Program Files (x86)\Microsoft SDKs\Windows\v7.0A\Include\MMSystem.h">
      <Filter>Header Files</Filter>
    </ClInclude>
  </ItemGroup>
  <ItemGroup>
    <ClCompile Include="Sourcefiles\trials.cpp">
      <Filter>Source Files</Filter>
    </ClCompile>
    <ClCompile Include="Sourcefiles\Cursor.cpp">
      <Filter>Source Files</Filter>
    </ClCompile>
    <ClCompile Include="Sourcefiles\DecideFeedback.cpp">
      <Filter>Source Files</Filter>
    </ClCompile>
    <ClCompile Include="Sourcefiles\definition.cpp">
      <Filter>Source Files</Filter>
    </ClCompile>
    <ClCompile Include="Sourcefiles\Drawings.cpp">
      <Filter>Source Files</Filter>
    </ClCompile>
    <ClCompile Include="Sourcefiles\ErrorHandler.cpp">
      <Filter>Source Files</Filter>
    </ClCompile>
    <ClCompile Include="Sourcefiles\ForceProgram.cpp">
      <Filter>Source Files</Filter>
    </ClCompile>
    <ClCompile Include="Sourcefiles\GalilController.cpp">
      <Filter>Source Files</Filter>
    </ClCompile>
    <ClCompile Include="Sourcefiles\GlobalStuff.cpp">
      <Filter>Source Files</Filter>
    </ClCompile>
    <ClCompile Include="Sourcefiles\GUI1.cpp">
      <Filter>Source Files</Filter>
    </ClCompile>
    <ClCompile Include="Sourcefiles\Parameters.cpp">
      <Filter>Source Files</Filter>
    </ClCompile>
    <ClCompile Include="Sourcefiles\Robot.cpp">
      <Filter>Source Files</Filter>
    </ClCompile>
    <ClCompile Include="Sourcefiles\stdafx.cpp">
      <Filter>Source Files</Filter>
    </ClCompile>
    <ClCompile Include="Sourcefiles\Subjects.cpp">
      <Filter>Source Files</Filter>
    </ClCompile>
    <ClCompile Include="Sourcefiles\Target.cpp">
      <Filter>Source Files</Filter>
    </ClCompile>
    <ClCompile Include="Sourcefiles\Text.cpp">
      <Filter>Source Files</Filter>
    </ClCompile>
    <ClCompile Include="Sourcefiles\Keyboard.cpp">
      <Filter>Source Files</Filter>
    </ClCompile>
    <ClCompile Include="Sourcefiles\IntentionDisplay.cpp">
      <Filter>Source Files</Filter>
    </ClCompile>
  </ItemGroup>
  <ItemGroup>
    <None Include="Sourcefiles\small.ico">
      <Filter>Resource Files</Filter>
    </None>
    <None Include="Sourcefiles\GUI1.ico">
      <Filter>Resource Files</Filter>
    </None>
    <None Include="Sourcefiles\icon1.ico">
      <Filter>Resource Files</Filter>
    </None>
    <None Include="ClassDiagram1.cd" />
  </ItemGroup>
  <ItemGroup>
    <ResourceCompile Include="Sourcefiles\GUI1.rc">
      <Filter>Resource Files</Filter>
    </ResourceCompile>
  </ItemGroup>
</Project>